{
  "pins" : [
    {
      "identity" : "grdb.swift",
      "kind" : "remoteSourceControl",
      "location" : "https://github.com/groue/GRDB.swift.git",
      "state" : {
        "revision" : "2d31ed46183d46927eec91f3421ef3c24f75e93d",
        "version" : "6.3.1"
      }
    },
    {
      "identity" : "swifterswift",
      "kind" : "remoteSourceControl",
      "location" : "https://github.com/SwifterSwift/SwifterSwift.git",
      "state" : {
        "revision" : "933f27d8e7fa0bf8200a5d6235e0de383b801126",
        "version" : "5.3.0"
      }
    },
    {
      "identity" : "toolboxstorageclient",
      "kind" : "remoteSourceControl",
      "location" : "https://github.com/joselinoneto/ToolboxStorageClient",
      "state" : {
        "revision" : "9ec3d0288256cad21c2f57281d20e15f550c020d",
        "version" : "1.0.2"
      }
    }
  ],
  "version" : 2
}
