{
  "pins" : [
    {
      "identity" : "grdb.swift",
      "kind" : "remoteSourceControl",
      "location" : "https://github.com/groue/GRDB.swift.git",
      "state" : {
        "revision" : "e76cda27dce9595a833a23cfd26bbc27553cd305",
        "version" : "6.7.0"
      }
    },
    {
      "identity" : "swifterswift",
      "kind" : "remoteSourceControl",
      "location" : "https://github.com/SwifterSwift/SwifterSwift.git",
      "state" : {
        "revision" : "dc813f3aa92f904a009fe543b99d5649dce7c134",
        "version" : "5.2.0"
      }
    },
    {
      "identity" : "toolboxstorageclient",
      "kind" : "remoteSourceControl",
      "location" : "https://github.com/joselinoneto/ToolboxStorageClient",
      "state" : {
        "revision" : "62a2e86e0e022bd821cefc36787ccc2611fabda3",
        "version" : "1.0.3"
      }
    }
  ],
  "version" : 2
}
