{
  "pins" : [
    {
      "identity" : "grdb.swift",
      "kind" : "remoteSourceControl",
      "location" : "https://github.com/groue/GRDB.swift.git",
      "state" : {
        "revision" : "8330469ac3cbbf0ee52b7e8a4e2b1f4c44bb13ea",
        "version" : "6.4.0"
      }
    },
    {
      "identity" : "swifterswift",
      "kind" : "remoteSourceControl",
      "location" : "https://github.com/SwifterSwift/SwifterSwift.git",
      "state" : {
        "revision" : "dc813f3aa92f904a009fe543b99d5649dce7c134",
        "version" : "5.2.0"
      }
    },
    {
      "identity" : "toolboxstorageclient",
      "kind" : "remoteSourceControl",
      "location" : "https://github.com/joselinoneto/ToolboxStorageClient",
      "state" : {
        "revision" : "9ec3d0288256cad21c2f57281d20e15f550c020d",
        "version" : "1.0.2"
      }
    }
  ],
  "version" : 2
}
